
Microsoft Visual Studio Solution File, Format Version 12.00
# Visual Studio Version 17
VisualStudioVersion = 17.7.34221.43
MinimumVisualStudioVersion = 10.0.40219.1
Project("{FAE04EC0-301F-11D3-BF4B-00C04F79EFBC}") = "Cau3", "Cau3\Cau3.csproj", "{14D5EB14-F47C-4BA0-84E5-B8B50612CC48}"
EndProject
Project("{FAE04EC0-301F-11D3-BF4B-00C04F79EFBC}") = "Test_Cau3", "Test_Cau3\Test_Cau3.csproj", "{3D4A8604-2566-4190-A2C8-313CB55902B5}"
EndProject
Global
	GlobalSection(SolutionConfigurationPlatforms) = preSolution
		Debug|Any CPU = Debug|Any CPU
		Release|Any CPU = Release|Any CPU
	EndGlobalSection
	GlobalSection(ProjectConfigurationPlatforms) = postSolution
		{14D5EB14-F47C-4BA0-84E5-B8B50612CC48}.Debug|Any CPU.ActiveCfg = Debug|Any CPU
		{14D5EB14-F47C-4BA0-84E5-B8B50612CC48}.Debug|Any CPU.Build.0 = Debug|Any CPU
		{14D5EB14-F47C-4BA0-84E5-B8B50612CC48}.Release|Any CPU.ActiveCfg = Release|Any CPU
		{14D5EB14-F47C-4BA0-84E5-B8B50612CC48}.Release|Any CPU.Build.0 = Release|Any CPU
		{3D4A8604-2566-4190-A2C8-313CB55902B5}.Debug|Any CPU.ActiveCfg = Debug|Any CPU
		{3D4A8604-2566-4190-A2C8-313CB55902B5}.Debug|Any CPU.Build.0 = Debug|Any CPU
		{3D4A8604-2566-4190-A2C8-313CB55902B5}.Release|Any CPU.ActiveCfg = Release|Any CPU
		{3D4A8604-2566-4190-A2C8-313CB55902B5}.Release|Any CPU.Build.0 = Release|Any CPU
	EndGlobalSection
	GlobalSection(SolutionProperties) = preSolution
		HideSolutionNode = FALSE
	EndGlobalSection
	GlobalSection(ExtensibilityGlobals) = postSolution
		SolutionGuid = {C416C471-6965-443D-A826-9DD8EFB285C9}
	EndGlobalSection
EndGlobal
