
Microsoft Visual Studio Solution File, Format Version 12.00
# Visual Studio Version 17
VisualStudioVersion = 17.7.34221.43
MinimumVisualStudioVersion = 10.0.40219.1
Project("{FAE04EC0-301F-11D3-BF4B-00C04F79EFBC}") = "63_Tuan_KTPM_B78_N2_Them", "63_Tuan_KTPM_B78_N2_Them\63_Tuan_KTPM_B78_N2_Them.csproj", "{842CB0BD-B004-4A20-9FCA-1928B28E6201}"
EndProject
Global
	GlobalSection(SolutionConfigurationPlatforms) = preSolution
		Debug|Any CPU = Debug|Any CPU
		Release|Any CPU = Release|Any CPU
	EndGlobalSection
	GlobalSection(ProjectConfigurationPlatforms) = postSolution
		{842CB0BD-B004-4A20-9FCA-1928B28E6201}.Debug|Any CPU.ActiveCfg = Debug|Any CPU
		{842CB0BD-B004-4A20-9FCA-1928B28E6201}.Debug|Any CPU.Build.0 = Debug|Any CPU
		{842CB0BD-B004-4A20-9FCA-1928B28E6201}.Release|Any CPU.ActiveCfg = Release|Any CPU
		{842CB0BD-B004-4A20-9FCA-1928B28E6201}.Release|Any CPU.Build.0 = Release|Any CPU
	EndGlobalSection
	GlobalSection(SolutionProperties) = preSolution
		HideSolutionNode = FALSE
	EndGlobalSection
	GlobalSection(ExtensibilityGlobals) = postSolution
		SolutionGuid = {18160B87-83DD-48EC-BA1A-FAF20319A390}
	EndGlobalSection
EndGlobal
