
Microsoft Visual Studio Solution File, Format Version 12.00
# Visual Studio Version 17
VisualStudioVersion = 17.4.33110.190
MinimumVisualStudioVersion = 10.0.40219.1
Project("{FAE04EC0-301F-11D3-BF4B-00C04F79EFBC}") = "Cau6", "Cau6\Cau6.csproj", "{CA7FB456-071A-4DA1-89D4-415DD903577F}"
EndProject
Project("{FAE04EC0-301F-11D3-BF4B-00C04F79EFBC}") = "Cau6Tester", "Cau6Tester\Cau6Tester.csproj", "{FC379CA2-05BC-4F08-AD31-5AA41859D7D5}"
EndProject
Global
	GlobalSection(SolutionConfigurationPlatforms) = preSolution
		Debug|Any CPU = Debug|Any CPU
		Release|Any CPU = Release|Any CPU
	EndGlobalSection
	GlobalSection(ProjectConfigurationPlatforms) = postSolution
		{CA7FB456-071A-4DA1-89D4-415DD903577F}.Debug|Any CPU.ActiveCfg = Debug|Any CPU
		{CA7FB456-071A-4DA1-89D4-415DD903577F}.Debug|Any CPU.Build.0 = Debug|Any CPU
		{CA7FB456-071A-4DA1-89D4-415DD903577F}.Release|Any CPU.ActiveCfg = Release|Any CPU
		{CA7FB456-071A-4DA1-89D4-415DD903577F}.Release|Any CPU.Build.0 = Release|Any CPU
		{FC379CA2-05BC-4F08-AD31-5AA41859D7D5}.Debug|Any CPU.ActiveCfg = Debug|Any CPU
		{FC379CA2-05BC-4F08-AD31-5AA41859D7D5}.Debug|Any CPU.Build.0 = Debug|Any CPU
		{FC379CA2-05BC-4F08-AD31-5AA41859D7D5}.Release|Any CPU.ActiveCfg = Release|Any CPU
		{FC379CA2-05BC-4F08-AD31-5AA41859D7D5}.Release|Any CPU.Build.0 = Release|Any CPU
	EndGlobalSection
	GlobalSection(SolutionProperties) = preSolution
		HideSolutionNode = FALSE
	EndGlobalSection
	GlobalSection(ExtensibilityGlobals) = postSolution
		SolutionGuid = {7502E7BE-2D60-4DF1-9CC2-3B228C5121DE}
	EndGlobalSection
EndGlobal
