
Microsoft Visual Studio Solution File, Format Version 12.00
# Visual Studio Version 17
VisualStudioVersion = 17.4.33110.190
MinimumVisualStudioVersion = 10.0.40219.1
Project("{FAE04EC0-301F-11D3-BF4B-00C04F79EFBC}") = "Calculator", "Calculator\Calculator.csproj", "{72664AC5-CF0A-4A58-AC0E-05C651075549}"
EndProject
Project("{FAE04EC0-301F-11D3-BF4B-00C04F79EFBC}") = "CalculatorTester", "CalculatorTester\CalculatorTester.csproj", "{D6F495D0-2691-49A2-871B-1C13310961E4}"
EndProject
Global
	GlobalSection(SolutionConfigurationPlatforms) = preSolution
		Debug|Any CPU = Debug|Any CPU
		Release|Any CPU = Release|Any CPU
	EndGlobalSection
	GlobalSection(ProjectConfigurationPlatforms) = postSolution
		{72664AC5-CF0A-4A58-AC0E-05C651075549}.Debug|Any CPU.ActiveCfg = Debug|Any CPU
		{72664AC5-CF0A-4A58-AC0E-05C651075549}.Debug|Any CPU.Build.0 = Debug|Any CPU
		{72664AC5-CF0A-4A58-AC0E-05C651075549}.Release|Any CPU.ActiveCfg = Release|Any CPU
		{72664AC5-CF0A-4A58-AC0E-05C651075549}.Release|Any CPU.Build.0 = Release|Any CPU
		{D6F495D0-2691-49A2-871B-1C13310961E4}.Debug|Any CPU.ActiveCfg = Debug|Any CPU
		{D6F495D0-2691-49A2-871B-1C13310961E4}.Debug|Any CPU.Build.0 = Debug|Any CPU
		{D6F495D0-2691-49A2-871B-1C13310961E4}.Release|Any CPU.ActiveCfg = Release|Any CPU
		{D6F495D0-2691-49A2-871B-1C13310961E4}.Release|Any CPU.Build.0 = Release|Any CPU
	EndGlobalSection
	GlobalSection(SolutionProperties) = preSolution
		HideSolutionNode = FALSE
	EndGlobalSection
	GlobalSection(ExtensibilityGlobals) = postSolution
		SolutionGuid = {6F42AE27-D6DD-457E-8940-D04BBEEB1131}
	EndGlobalSection
EndGlobal
